
Microsoft Visual Studio Solution File, Format Version 12.00
# Visual Studio Version 16
VisualStudioVersion = 16.0.32602.291
MinimumVisualStudioVersion = 10.0.40219.1
Project("{FAE04EC0-301F-11D3-BF4B-00C04F79EFBC}") = "BookTable Core_Asp.Net", "BookTable Core_Asp.Net\BookTable Core_Asp.Net.csproj", "{BE113EC0-F530-4625-ABC6-C68BB6F8E0DB}"
EndProject
Global
	GlobalSection(SolutionConfigurationPlatforms) = preSolution
		Debug|Any CPU = Debug|Any CPU
		Release|Any CPU = Release|Any CPU
	EndGlobalSection
	GlobalSection(ProjectConfigurationPlatforms) = postSolution
		{BE113EC0-F530-4625-ABC6-C68BB6F8E0DB}.Debug|Any CPU.ActiveCfg = Debug|Any CPU
		{BE113EC0-F530-4625-ABC6-C68BB6F8E0DB}.Debug|Any CPU.Build.0 = Debug|Any CPU
		{BE113EC0-F530-4625-ABC6-C68BB6F8E0DB}.Release|Any CPU.ActiveCfg = Release|Any CPU
		{BE113EC0-F530-4625-ABC6-C68BB6F8E0DB}.Release|Any CPU.Build.0 = Release|Any CPU
	EndGlobalSection
	GlobalSection(SolutionProperties) = preSolution
		HideSolutionNode = FALSE
	EndGlobalSection
	GlobalSection(ExtensibilityGlobals) = postSolution
		SolutionGuid = {806CF10C-25EF-4860-AB18-557B795E08E5}
	EndGlobalSection
EndGlobal
